
Microsoft Visual Studio Solution File, Format Version 12.00
# Visual Studio Version 16
VisualStudioVersion = 16.0.31112.23
MinimumVisualStudioVersion = 10.0.40219.1
Project("{FAE04EC0-301F-11D3-BF4B-00C04F79EFBC}") = "AnyOrder", "AnyOrder\AnyOrder.csproj", "{311C60E3-EB4B-4683-A0FB-B2BD900DD671}"
EndProject
Global
	GlobalSection(SolutionConfigurationPlatforms) = preSolution
		Debug|Any CPU = Debug|Any CPU
		Release|Any CPU = Release|Any CPU
	EndGlobalSection
	GlobalSection(ProjectConfigurationPlatforms) = postSolution
		{311C60E3-EB4B-4683-A0FB-B2BD900DD671}.Debug|Any CPU.ActiveCfg = Debug|Any CPU
		{311C60E3-EB4B-4683-A0FB-B2BD900DD671}.Debug|Any CPU.Build.0 = Debug|Any CPU
		{311C60E3-EB4B-4683-A0FB-B2BD900DD671}.Release|Any CPU.ActiveCfg = Release|Any CPU
		{311C60E3-EB4B-4683-A0FB-B2BD900DD671}.Release|Any CPU.Build.0 = Release|Any CPU
	EndGlobalSection
	GlobalSection(SolutionProperties) = preSolution
		HideSolutionNode = FALSE
	EndGlobalSection
	GlobalSection(ExtensibilityGlobals) = postSolution
		SolutionGuid = {75C63532-F126-4007-9E5B-6E220BDC824D}
	EndGlobalSection
EndGlobal
